{
  "requires": true,
  "lockfileVersion": 1,
  "dependencies": {
    "mime-db": {
      "version": "1.30.0",
      "resolved": "https://registry.npmjs.org/mime-db/-/mime-db-1.30.0.tgz",
      "integrity": "sha1-dMZD2i3Z1qRTmZY0ZbJtXKfXHwE="
    },
    "mime-types": {
      "version": "2.1.17",
      "resolved": "https://registry.npmjs.org/mime-types/-/mime-types-2.1.17.tgz",
      "integrity": "sha1-Cdejk/A+mVp5+K+Fe3Cp4KsWVXo=",
      "requires": {
        "mime-db": "1.30.0"
      }
    },
    "sax": {
      "version": "1.2.4",
      "resolved": "https://registry.npmjs.org/sax/-/sax-1.2.4.tgz",
      "integrity": "sha512-NqVDv9TpANUjFm0N8uM5GxL36UgKi9/atZw+x7YFnQ8ckwFGKrl4xX4yWtrey3UJm5nP1kUbnYgLopqWNSRhWw=="
    },
    "webdav-server": {
      "version": "2.3.15",
      "resolved": "https://registry.npmjs.org/webdav-server/-/webdav-server-2.3.15.tgz",
      "integrity": "sha1-yRpecaQP3q+AdVzsoEEoUeRywGU=",
      "requires": {
        "mime-types": "2.1.17",
        "xml-js-builder": "1.0.1"
      }
    },
    "xml-js": {
      "version": "1.6.2",
      "resolved": "https://registry.npmjs.org/xml-js/-/xml-js-1.6.2.tgz",
      "integrity": "sha512-7SyYB9qfahPf+0eu0W2dZbFzcjk9dDiKRMbQGwSsaTCCiUG0NOawi3CjSJRPOGsS6C6poOoMfYaLc4HZJWjlLw==",
      "requires": {
        "sax": "1.2.4"
      }
    },
    "xml-js-builder": {
      "version": "1.0.1",
      "resolved": "https://registry.npmjs.org/xml-js-builder/-/xml-js-builder-1.0.1.tgz",
      "integrity": "sha1-w9uqdz6fm46JCEdv7eoXnM+7qdE=",
      "requires": {
        "xml-js": "1.6.2"
      }
    }
  }
}
